<?xml version="1.0" encoding="utf-8"?>
<Project ToolsVersion="16.0" xmlns="http://schemas.microsoft.com/developer/msbuild/2003">
  <ItemGroup>
    <ClCompile Include="C:\Users\sr-ho\Documents\ALL_SDK\VST_SDK\VST3_SDK\public.sdk\source\common\commoniids.cpp">
      <Filter>Source Files</Filter>
    </ClCompile>
    <ClCompile Include="C:\Users\sr-ho\Documents\ALL_SDK\VST_SDK\VST3_SDK\public.sdk\source\common\openurl.cpp">
      <Filter>Source Files</Filter>
    </ClCompile>
    <ClCompile Include="C:\Users\sr-ho\Documents\ALL_SDK\VST_SDK\VST3_SDK\public.sdk\source\common\systemclipboard_win32.cpp">
      <Filter>Source Files</Filter>
    </ClCompile>
    <ClCompile Include="C:\Users\sr-ho\Documents\ALL_SDK\VST_SDK\VST3_SDK\public.sdk\source\common\threadchecker_linux.cpp">
      <Filter>Source Files</Filter>
    </ClCompile>
    <ClCompile Include="C:\Users\sr-ho\Documents\ALL_SDK\VST_SDK\VST3_SDK\public.sdk\source\common\threadchecker_win32.cpp">
      <Filter>Source Files</Filter>
    </ClCompile>
    <ClCompile Include="C:\Users\sr-ho\Documents\ALL_SDK\VST_SDK\VST3_SDK\public.sdk\source\vst\vstpresetfile.cpp">
      <Filter>Source Files</Filter>
    </ClCompile>
  </ItemGroup>
  <ItemGroup>
    <ClInclude Include="C:\Users\sr-ho\Documents\ALL_SDK\VST_SDK\VST3_SDK\public.sdk\source\common\openurl.h">
      <Filter>Header Files</Filter>
    </ClInclude>
    <ClInclude Include="C:\Users\sr-ho\Documents\ALL_SDK\VST_SDK\VST3_SDK\public.sdk\source\common\systemclipboard.h">
      <Filter>Header Files</Filter>
    </ClInclude>
    <ClInclude Include="C:\Users\sr-ho\Documents\ALL_SDK\VST_SDK\VST3_SDK\public.sdk\source\common\threadchecker.h">
      <Filter>Header Files</Filter>
    </ClInclude>
    <ClInclude Include="C:\Users\sr-ho\Documents\ALL_SDK\VST_SDK\VST3_SDK\public.sdk\source\vst\vstpresetfile.h">
      <Filter>Header Files</Filter>
    </ClInclude>
  </ItemGroup>
  <ItemGroup>
    <CustomBuild Include="C:\Users\sr-ho\Documents\ALL_SDK\VST_SDK\VST3_SDK\public.sdk\CMakeLists.txt" />
  </ItemGroup>
  <ItemGroup>
    <Filter Include="Header Files">
      <UniqueIdentifier>{D4E06D30-B9A7-3DE5-9BBD-B9B125493A68}</UniqueIdentifier>
    </Filter>
    <Filter Include="Source Files">
      <UniqueIdentifier>{A4F93399-A1C4-3570-ADFC-4EB503F91BB8}</UniqueIdentifier>
    </Filter>
  </ItemGroup>
</Project>
