
Microsoft Visual Studio Solution File, Format Version 12.00
# Visual Studio Version 16
Project("{2150E333-8FDC-42A3-9474-1A3956D46DE8}") = "Predefined", "Predefined", "{E14509F5-C0CD-373B-8688-6D4416AEE7D5}"
EndProject
Project("{8BC9CEB8-8B4A-11D0-8D11-00A0C91BC942}") = "ALL_BUILD", "ALL_BUILD.vcxproj", "{A1A248BD-FFA1-34E4-80B9-8D015375EF13}"
	ProjectSection(ProjectDependencies) = postProject
		{187874C0-A1AB-3266-AEDC-354907BD2FD0} = {187874C0-A1AB-3266-AEDC-354907BD2FD0}
		{BD34E5B5-8FB8-3475-AB36-8E27CFD8776B} = {BD34E5B5-8FB8-3475-AB36-8E27CFD8776B}
	EndProjectSection
EndProject
Project("{8BC9CEB8-8B4A-11D0-8D11-00A0C91BC942}") = "ZERO_CHECK", "..\..\..\\ZERO_CHECK.vcxproj", "{187874C0-A1AB-3266-AEDC-354907BD2FD0}"
	ProjectSection(ProjectDependencies) = postProject
	EndProjectSection
EndProject
Project("{8BC9CEB8-8B4A-11D0-8D11-00A0C91BC942}") = "pluginterfaces", "pluginterfaces.vcxproj", "{BD34E5B5-8FB8-3475-AB36-8E27CFD8776B}"
	ProjectSection(ProjectDependencies) = postProject
		{187874C0-A1AB-3266-AEDC-354907BD2FD0} = {187874C0-A1AB-3266-AEDC-354907BD2FD0}
	EndProjectSection
EndProject
Global
	GlobalSection(SolutionConfigurationPlatforms) = preSolution
		Debug|x64 = Debug|x64
		Release|x64 = Release|x64
	EndGlobalSection
	GlobalSection(ProjectConfigurationPlatforms) = postSolution
		{A1A248BD-FFA1-34E4-80B9-8D015375EF13}.Debug|x64.ActiveCfg = Debug|x64
		{A1A248BD-FFA1-34E4-80B9-8D015375EF13}.Release|x64.ActiveCfg = Release|x64
		{187874C0-A1AB-3266-AEDC-354907BD2FD0}.Debug|x64.ActiveCfg = Debug|x64
		{187874C0-A1AB-3266-AEDC-354907BD2FD0}.Debug|x64.Build.0 = Debug|x64
		{187874C0-A1AB-3266-AEDC-354907BD2FD0}.Release|x64.ActiveCfg = Release|x64
		{187874C0-A1AB-3266-AEDC-354907BD2FD0}.Release|x64.Build.0 = Release|x64
		{BD34E5B5-8FB8-3475-AB36-8E27CFD8776B}.Debug|x64.ActiveCfg = Debug|x64
		{BD34E5B5-8FB8-3475-AB36-8E27CFD8776B}.Debug|x64.Build.0 = Debug|x64
		{BD34E5B5-8FB8-3475-AB36-8E27CFD8776B}.Release|x64.ActiveCfg = Release|x64
		{BD34E5B5-8FB8-3475-AB36-8E27CFD8776B}.Release|x64.Build.0 = Release|x64
	EndGlobalSection
	GlobalSection(NestedProjects) = preSolution
		{A1A248BD-FFA1-34E4-80B9-8D015375EF13} = {E14509F5-C0CD-373B-8688-6D4416AEE7D5}
		{187874C0-A1AB-3266-AEDC-354907BD2FD0} = {E14509F5-C0CD-373B-8688-6D4416AEE7D5}
	EndGlobalSection
	GlobalSection(ExtensibilityGlobals) = postSolution
		SolutionGuid = {6A27C6C4-ABFC-30F7-A760-9BFC41B1923F}
	EndGlobalSection
	GlobalSection(ExtensibilityAddIns) = postSolution
	EndGlobalSection
EndGlobal
