
Microsoft Visual Studio Solution File, Format Version 12.00
# Visual Studio Version 16
Project("{2150E333-8FDC-42A3-9474-1A3956D46DE8}") = "Libraries", "Libraries", "{056AE371-7D99-3A9C-B501-1AACD316C947}"
EndProject
Project("{2150E333-8FDC-42A3-9474-1A3956D46DE8}") = "Predefined", "Predefined", "{E14509F5-C0CD-373B-8688-6D4416AEE7D5}"
EndProject
Project("{2150E333-8FDC-42A3-9474-1A3956D46DE8}") = "VSTGUI Tools", "VSTGUI Tools", "{FB430797-DA8C-3984-9FBD-A2FB53A7D3A2}"
EndProject
Project("{2150E333-8FDC-42A3-9474-1A3956D46DE8}") = "Validator", "Validator", "{604D3BE6-617C-37F5-AC8D-EA8EB45B8F54}"
EndProject
Project("{8BC9CEB8-8B4A-11D0-8D11-00A0C91BC942}") = "yaGRUd_VST", "..\..\project_source\cmake\vst_cmake\yaGRUd_VST.vcxproj", "{AEF81D38-2F55-32A0-A0B8-3F5BDB9B7B7F}"
	ProjectSection(ProjectDependencies) = postProject
		{187874C0-A1AB-3266-AEDC-354907BD2FD0} = {187874C0-A1AB-3266-AEDC-354907BD2FD0}
		{D3216AFA-023E-3550-9689-C88FA67E2846} = {D3216AFA-023E-3550-9689-C88FA67E2846}
		{BD34E5B5-8FB8-3475-AB36-8E27CFD8776B} = {BD34E5B5-8FB8-3475-AB36-8E27CFD8776B}
		{52E325A2-BD9A-349A-A79B-3A8E269549F5} = {52E325A2-BD9A-349A-A79B-3A8E269549F5}
		{C705B04F-0CD8-3264-AED0-87992962BE14} = {C705B04F-0CD8-3264-AED0-87992962BE14}
		{68F5AF1C-6899-3BF6-B9F5-D2871399AF18} = {68F5AF1C-6899-3BF6-B9F5-D2871399AF18}
		{660B33B0-B432-338F-9F02-65BB9B582DD2} = {660B33B0-B432-338F-9F02-65BB9B582DD2}
		{A4D534F6-7B0E-378E-AA09-3D39F7F1CA9C} = {A4D534F6-7B0E-378E-AA09-3D39F7F1CA9C}
		{E362E16A-D511-3C6E-9283-01DA766F8534} = {E362E16A-D511-3C6E-9283-01DA766F8534}
	EndProjectSection
EndProject
Project("{8BC9CEB8-8B4A-11D0-8D11-00A0C91BC942}") = "ALL_BUILD", "ALL_BUILD.vcxproj", "{A1A248BD-FFA1-34E4-80B9-8D015375EF13}"
	ProjectSection(ProjectDependencies) = postProject
		{187874C0-A1AB-3266-AEDC-354907BD2FD0} = {187874C0-A1AB-3266-AEDC-354907BD2FD0}
		{D3216AFA-023E-3550-9689-C88FA67E2846} = {D3216AFA-023E-3550-9689-C88FA67E2846}
		{BD34E5B5-8FB8-3475-AB36-8E27CFD8776B} = {BD34E5B5-8FB8-3475-AB36-8E27CFD8776B}
		{52E325A2-BD9A-349A-A79B-3A8E269549F5} = {52E325A2-BD9A-349A-A79B-3A8E269549F5}
		{C705B04F-0CD8-3264-AED0-87992962BE14} = {C705B04F-0CD8-3264-AED0-87992962BE14}
		{788C1144-C69E-333D-9BC2-76559E0DA184} = {788C1144-C69E-333D-9BC2-76559E0DA184}
		{513D88C2-7DC2-3D47-9F30-219A51A4496B} = {513D88C2-7DC2-3D47-9F30-219A51A4496B}
		{68F5AF1C-6899-3BF6-B9F5-D2871399AF18} = {68F5AF1C-6899-3BF6-B9F5-D2871399AF18}
		{660B33B0-B432-338F-9F02-65BB9B582DD2} = {660B33B0-B432-338F-9F02-65BB9B582DD2}
		{A4D534F6-7B0E-378E-AA09-3D39F7F1CA9C} = {A4D534F6-7B0E-378E-AA09-3D39F7F1CA9C}
		{E362E16A-D511-3C6E-9283-01DA766F8534} = {E362E16A-D511-3C6E-9283-01DA766F8534}
		{AEF81D38-2F55-32A0-A0B8-3F5BDB9B7B7F} = {AEF81D38-2F55-32A0-A0B8-3F5BDB9B7B7F}
	EndProjectSection
EndProject
Project("{8BC9CEB8-8B4A-11D0-8D11-00A0C91BC942}") = "ZERO_CHECK", "..\..\\ZERO_CHECK.vcxproj", "{187874C0-A1AB-3266-AEDC-354907BD2FD0}"
	ProjectSection(ProjectDependencies) = postProject
	EndProjectSection
EndProject
Project("{8BC9CEB8-8B4A-11D0-8D11-00A0C91BC942}") = "base", "base\base.vcxproj", "{D3216AFA-023E-3550-9689-C88FA67E2846}"
	ProjectSection(ProjectDependencies) = postProject
		{187874C0-A1AB-3266-AEDC-354907BD2FD0} = {187874C0-A1AB-3266-AEDC-354907BD2FD0}
	EndProjectSection
EndProject
Project("{8BC9CEB8-8B4A-11D0-8D11-00A0C91BC942}") = "pluginterfaces", "pluginterfaces\pluginterfaces.vcxproj", "{BD34E5B5-8FB8-3475-AB36-8E27CFD8776B}"
	ProjectSection(ProjectDependencies) = postProject
		{187874C0-A1AB-3266-AEDC-354907BD2FD0} = {187874C0-A1AB-3266-AEDC-354907BD2FD0}
	EndProjectSection
EndProject
Project("{8BC9CEB8-8B4A-11D0-8D11-00A0C91BC942}") = "sdk", "public.sdk\sdk.vcxproj", "{52E325A2-BD9A-349A-A79B-3A8E269549F5}"
	ProjectSection(ProjectDependencies) = postProject
		{187874C0-A1AB-3266-AEDC-354907BD2FD0} = {187874C0-A1AB-3266-AEDC-354907BD2FD0}
		{D3216AFA-023E-3550-9689-C88FA67E2846} = {D3216AFA-023E-3550-9689-C88FA67E2846}
		{BD34E5B5-8FB8-3475-AB36-8E27CFD8776B} = {BD34E5B5-8FB8-3475-AB36-8E27CFD8776B}
		{C705B04F-0CD8-3264-AED0-87992962BE14} = {C705B04F-0CD8-3264-AED0-87992962BE14}
	EndProjectSection
EndProject
Project("{8BC9CEB8-8B4A-11D0-8D11-00A0C91BC942}") = "sdk_common", "public.sdk\sdk_common.vcxproj", "{C705B04F-0CD8-3264-AED0-87992962BE14}"
	ProjectSection(ProjectDependencies) = postProject
		{187874C0-A1AB-3266-AEDC-354907BD2FD0} = {187874C0-A1AB-3266-AEDC-354907BD2FD0}
		{D3216AFA-023E-3550-9689-C88FA67E2846} = {D3216AFA-023E-3550-9689-C88FA67E2846}
		{BD34E5B5-8FB8-3475-AB36-8E27CFD8776B} = {BD34E5B5-8FB8-3475-AB36-8E27CFD8776B}
	EndProjectSection
EndProject
Project("{8BC9CEB8-8B4A-11D0-8D11-00A0C91BC942}") = "sdk_hosting", "public.sdk\sdk_hosting.vcxproj", "{788C1144-C69E-333D-9BC2-76559E0DA184}"
	ProjectSection(ProjectDependencies) = postProject
		{187874C0-A1AB-3266-AEDC-354907BD2FD0} = {187874C0-A1AB-3266-AEDC-354907BD2FD0}
		{D3216AFA-023E-3550-9689-C88FA67E2846} = {D3216AFA-023E-3550-9689-C88FA67E2846}
		{BD34E5B5-8FB8-3475-AB36-8E27CFD8776B} = {BD34E5B5-8FB8-3475-AB36-8E27CFD8776B}
		{C705B04F-0CD8-3264-AED0-87992962BE14} = {C705B04F-0CD8-3264-AED0-87992962BE14}
	EndProjectSection
EndProject
Project("{8BC9CEB8-8B4A-11D0-8D11-00A0C91BC942}") = "uidesccompressor", "vstgui4\vstgui\tools\uidesccompressor\uidesccompressor.vcxproj", "{513D88C2-7DC2-3D47-9F30-219A51A4496B}"
	ProjectSection(ProjectDependencies) = postProject
		{187874C0-A1AB-3266-AEDC-354907BD2FD0} = {187874C0-A1AB-3266-AEDC-354907BD2FD0}
		{660B33B0-B432-338F-9F02-65BB9B582DD2} = {660B33B0-B432-338F-9F02-65BB9B582DD2}
		{E362E16A-D511-3C6E-9283-01DA766F8534} = {E362E16A-D511-3C6E-9283-01DA766F8534}
	EndProjectSection
EndProject
Project("{8BC9CEB8-8B4A-11D0-8D11-00A0C91BC942}") = "validator", "public.sdk\samples\vst-hosting\validator\validator.vcxproj", "{68F5AF1C-6899-3BF6-B9F5-D2871399AF18}"
	ProjectSection(ProjectDependencies) = postProject
		{187874C0-A1AB-3266-AEDC-354907BD2FD0} = {187874C0-A1AB-3266-AEDC-354907BD2FD0}
		{D3216AFA-023E-3550-9689-C88FA67E2846} = {D3216AFA-023E-3550-9689-C88FA67E2846}
		{BD34E5B5-8FB8-3475-AB36-8E27CFD8776B} = {BD34E5B5-8FB8-3475-AB36-8E27CFD8776B}
		{C705B04F-0CD8-3264-AED0-87992962BE14} = {C705B04F-0CD8-3264-AED0-87992962BE14}
		{788C1144-C69E-333D-9BC2-76559E0DA184} = {788C1144-C69E-333D-9BC2-76559E0DA184}
	EndProjectSection
EndProject
Project("{8BC9CEB8-8B4A-11D0-8D11-00A0C91BC942}") = "vstgui", "vstgui4\vstgui\lib\vstgui.vcxproj", "{660B33B0-B432-338F-9F02-65BB9B582DD2}"
	ProjectSection(ProjectDependencies) = postProject
		{187874C0-A1AB-3266-AEDC-354907BD2FD0} = {187874C0-A1AB-3266-AEDC-354907BD2FD0}
	EndProjectSection
EndProject
Project("{8BC9CEB8-8B4A-11D0-8D11-00A0C91BC942}") = "vstgui_support", "vstgui_support.vcxproj", "{A4D534F6-7B0E-378E-AA09-3D39F7F1CA9C}"
	ProjectSection(ProjectDependencies) = postProject
		{187874C0-A1AB-3266-AEDC-354907BD2FD0} = {187874C0-A1AB-3266-AEDC-354907BD2FD0}
		{660B33B0-B432-338F-9F02-65BB9B582DD2} = {660B33B0-B432-338F-9F02-65BB9B582DD2}
		{E362E16A-D511-3C6E-9283-01DA766F8534} = {E362E16A-D511-3C6E-9283-01DA766F8534}
	EndProjectSection
EndProject
Project("{8BC9CEB8-8B4A-11D0-8D11-00A0C91BC942}") = "vstgui_uidescription", "vstgui4\vstgui\uidescription\vstgui_uidescription.vcxproj", "{E362E16A-D511-3C6E-9283-01DA766F8534}"
	ProjectSection(ProjectDependencies) = postProject
		{187874C0-A1AB-3266-AEDC-354907BD2FD0} = {187874C0-A1AB-3266-AEDC-354907BD2FD0}
		{660B33B0-B432-338F-9F02-65BB9B582DD2} = {660B33B0-B432-338F-9F02-65BB9B582DD2}
	EndProjectSection
EndProject
Global
	GlobalSection(SolutionConfigurationPlatforms) = preSolution
		Debug|x64 = Debug|x64
		Release|x64 = Release|x64
	EndGlobalSection
	GlobalSection(ProjectConfigurationPlatforms) = postSolution
		{AEF81D38-2F55-32A0-A0B8-3F5BDB9B7B7F}.Debug|x64.ActiveCfg = Debug|x64
		{AEF81D38-2F55-32A0-A0B8-3F5BDB9B7B7F}.Debug|x64.Build.0 = Debug|x64
		{AEF81D38-2F55-32A0-A0B8-3F5BDB9B7B7F}.Release|x64.ActiveCfg = Release|x64
		{AEF81D38-2F55-32A0-A0B8-3F5BDB9B7B7F}.Release|x64.Build.0 = Release|x64
		{A1A248BD-FFA1-34E4-80B9-8D015375EF13}.Debug|x64.ActiveCfg = Debug|x64
		{A1A248BD-FFA1-34E4-80B9-8D015375EF13}.Release|x64.ActiveCfg = Release|x64
		{187874C0-A1AB-3266-AEDC-354907BD2FD0}.Debug|x64.ActiveCfg = Debug|x64
		{187874C0-A1AB-3266-AEDC-354907BD2FD0}.Debug|x64.Build.0 = Debug|x64
		{187874C0-A1AB-3266-AEDC-354907BD2FD0}.Release|x64.ActiveCfg = Release|x64
		{187874C0-A1AB-3266-AEDC-354907BD2FD0}.Release|x64.Build.0 = Release|x64
		{D3216AFA-023E-3550-9689-C88FA67E2846}.Debug|x64.ActiveCfg = Debug|x64
		{D3216AFA-023E-3550-9689-C88FA67E2846}.Debug|x64.Build.0 = Debug|x64
		{D3216AFA-023E-3550-9689-C88FA67E2846}.Release|x64.ActiveCfg = Release|x64
		{D3216AFA-023E-3550-9689-C88FA67E2846}.Release|x64.Build.0 = Release|x64
		{BD34E5B5-8FB8-3475-AB36-8E27CFD8776B}.Debug|x64.ActiveCfg = Debug|x64
		{BD34E5B5-8FB8-3475-AB36-8E27CFD8776B}.Debug|x64.Build.0 = Debug|x64
		{BD34E5B5-8FB8-3475-AB36-8E27CFD8776B}.Release|x64.ActiveCfg = Release|x64
		{BD34E5B5-8FB8-3475-AB36-8E27CFD8776B}.Release|x64.Build.0 = Release|x64
		{52E325A2-BD9A-349A-A79B-3A8E269549F5}.Debug|x64.ActiveCfg = Debug|x64
		{52E325A2-BD9A-349A-A79B-3A8E269549F5}.Debug|x64.Build.0 = Debug|x64
		{52E325A2-BD9A-349A-A79B-3A8E269549F5}.Release|x64.ActiveCfg = Release|x64
		{52E325A2-BD9A-349A-A79B-3A8E269549F5}.Release|x64.Build.0 = Release|x64
		{C705B04F-0CD8-3264-AED0-87992962BE14}.Debug|x64.ActiveCfg = Debug|x64
		{C705B04F-0CD8-3264-AED0-87992962BE14}.Debug|x64.Build.0 = Debug|x64
		{C705B04F-0CD8-3264-AED0-87992962BE14}.Release|x64.ActiveCfg = Release|x64
		{C705B04F-0CD8-3264-AED0-87992962BE14}.Release|x64.Build.0 = Release|x64
		{788C1144-C69E-333D-9BC2-76559E0DA184}.Debug|x64.ActiveCfg = Debug|x64
		{788C1144-C69E-333D-9BC2-76559E0DA184}.Debug|x64.Build.0 = Debug|x64
		{788C1144-C69E-333D-9BC2-76559E0DA184}.Release|x64.ActiveCfg = Release|x64
		{788C1144-C69E-333D-9BC2-76559E0DA184}.Release|x64.Build.0 = Release|x64
		{513D88C2-7DC2-3D47-9F30-219A51A4496B}.Debug|x64.ActiveCfg = Debug|x64
		{513D88C2-7DC2-3D47-9F30-219A51A4496B}.Debug|x64.Build.0 = Debug|x64
		{513D88C2-7DC2-3D47-9F30-219A51A4496B}.Release|x64.ActiveCfg = Release|x64
		{513D88C2-7DC2-3D47-9F30-219A51A4496B}.Release|x64.Build.0 = Release|x64
		{68F5AF1C-6899-3BF6-B9F5-D2871399AF18}.Debug|x64.ActiveCfg = Debug|x64
		{68F5AF1C-6899-3BF6-B9F5-D2871399AF18}.Debug|x64.Build.0 = Debug|x64
		{68F5AF1C-6899-3BF6-B9F5-D2871399AF18}.Release|x64.ActiveCfg = Release|x64
		{68F5AF1C-6899-3BF6-B9F5-D2871399AF18}.Release|x64.Build.0 = Release|x64
		{660B33B0-B432-338F-9F02-65BB9B582DD2}.Debug|x64.ActiveCfg = Debug|x64
		{660B33B0-B432-338F-9F02-65BB9B582DD2}.Debug|x64.Build.0 = Debug|x64
		{660B33B0-B432-338F-9F02-65BB9B582DD2}.Release|x64.ActiveCfg = Release|x64
		{660B33B0-B432-338F-9F02-65BB9B582DD2}.Release|x64.Build.0 = Release|x64
		{A4D534F6-7B0E-378E-AA09-3D39F7F1CA9C}.Debug|x64.ActiveCfg = Debug|x64
		{A4D534F6-7B0E-378E-AA09-3D39F7F1CA9C}.Debug|x64.Build.0 = Debug|x64
		{A4D534F6-7B0E-378E-AA09-3D39F7F1CA9C}.Release|x64.ActiveCfg = Release|x64
		{A4D534F6-7B0E-378E-AA09-3D39F7F1CA9C}.Release|x64.Build.0 = Release|x64
		{E362E16A-D511-3C6E-9283-01DA766F8534}.Debug|x64.ActiveCfg = Debug|x64
		{E362E16A-D511-3C6E-9283-01DA766F8534}.Debug|x64.Build.0 = Debug|x64
		{E362E16A-D511-3C6E-9283-01DA766F8534}.Release|x64.ActiveCfg = Release|x64
		{E362E16A-D511-3C6E-9283-01DA766F8534}.Release|x64.Build.0 = Release|x64
	EndGlobalSection
	GlobalSection(NestedProjects) = preSolution
		{D3216AFA-023E-3550-9689-C88FA67E2846} = {056AE371-7D99-3A9C-B501-1AACD316C947}
		{52E325A2-BD9A-349A-A79B-3A8E269549F5} = {056AE371-7D99-3A9C-B501-1AACD316C947}
		{660B33B0-B432-338F-9F02-65BB9B582DD2} = {056AE371-7D99-3A9C-B501-1AACD316C947}
		{A4D534F6-7B0E-378E-AA09-3D39F7F1CA9C} = {056AE371-7D99-3A9C-B501-1AACD316C947}
		{E362E16A-D511-3C6E-9283-01DA766F8534} = {056AE371-7D99-3A9C-B501-1AACD316C947}
		{A1A248BD-FFA1-34E4-80B9-8D015375EF13} = {E14509F5-C0CD-373B-8688-6D4416AEE7D5}
		{187874C0-A1AB-3266-AEDC-354907BD2FD0} = {E14509F5-C0CD-373B-8688-6D4416AEE7D5}
		{513D88C2-7DC2-3D47-9F30-219A51A4496B} = {FB430797-DA8C-3984-9FBD-A2FB53A7D3A2}
		{68F5AF1C-6899-3BF6-B9F5-D2871399AF18} = {604D3BE6-617C-37F5-AC8D-EA8EB45B8F54}
	EndGlobalSection
	GlobalSection(ExtensibilityGlobals) = postSolution
		SolutionGuid = {687139D7-0E78-3075-BADB-3992A8C1C36B}
	EndGlobalSection
	GlobalSection(ExtensibilityAddIns) = postSolution
	EndGlobalSection
EndGlobal
